// !$*UTF8*$!
{
	archiveVersion = 1;
	classes = {
	};
	objectVersion = 55;
	objects = {

/* Begin PBXBuildFile section */
		E5DC9034287F76CE0004A1E4 /* MapView.swift in Sources */ = {isa = PBXBuildFile; fileRef = E5DC9033287F76CE0004A1E4 /* MapView.swift */; };
		E5DC9036287F76E00004A1E4 /* SearchView.swift in Sources */ = {isa = PBXBuildFile; fileRef = E5DC9035287F76E00004A1E4 /* SearchView.swift */; };
		E5F4F7CC287E450300C2947B /* PetSitterApp.swift in Sources */ = {isa = PBXBuildFile; fileRef = E5F4F7CB287E450300C2947B /* PetSitterApp.swift */; };
		E5F4F7D0287E450600C2947B /* Assets.xcassets in Resources */ = {isa = PBXBuildFile; fileRef = E5F4F7CF287E450600C2947B /* Assets.xcassets */; };
		E5F4F7D3287E450600C2947B /* Preview Assets.xcassets in Resources */ = {isa = PBXBuildFile; fileRef = E5F4F7D2287E450600C2947B /* Preview Assets.xcassets */; };
		E5F4F7DE287E477600C2947B /* MainPageView.swift in Sources */ = {isa = PBXBuildFile; fileRef = E5F4F7DD287E477600C2947B /* MainPageView.swift */; };
		E5F4F7E1287E486A00C2947B /* Post.swift in Sources */ = {isa = PBXBuildFile; fileRef = E5F4F7E0287E486A00C2947B /* Post.swift */; };
		E5F4F7E3287E4C9C00C2947B /* PetOwnerStartingPageView.swift in Sources */ = {isa = PBXBuildFile; fileRef = E5F4F7E2287E4C9C00C2947B /* PetOwnerStartingPageView.swift */; };
		E5F4F7E5287E4CC100C2947B /* PetSitterCreatingPostView.swift in Sources */ = {isa = PBXBuildFile; fileRef = E5F4F7E4287E4CC100C2947B /* PetSitterCreatingPostView.swift */; };
/* End PBXBuildFile section */

/* Begin PBXFileReference section */
		E5DC9033287F76CE0004A1E4 /* MapView.swift */ = {isa = PBXFileReference; lastKnownFileType = sourcecode.swift; path = MapView.swift; sourceTree = "<group>"; };
		E5DC9035287F76E00004A1E4 /* SearchView.swift */ = {isa = PBXFileReference; lastKnownFileType = sourcecode.swift; path = SearchView.swift; sourceTree = "<group>"; };
		E5F4F7C8287E450300C2947B /* PetSitter.app */ = {isa = PBXFileReference; explicitFileType = wrapper.application; includeInIndex = 0; path = PetSitter.app; sourceTree = BUILT_PRODUCTS_DIR; };
		E5F4F7CB287E450300C2947B /* PetSitterApp.swift */ = {isa = PBXFileReference; lastKnownFileType = sourcecode.swift; path = PetSitterApp.swift; sourceTree = "<group>"; };
		E5F4F7CF287E450600C2947B /* Assets.xcassets */ = {isa = PBXFileReference; lastKnownFileType = folder.assetcatalog; path = Assets.xcassets; sourceTree = "<group>"; };
		E5F4F7D2287E450600C2947B /* Preview Assets.xcassets */ = {isa = PBXFileReference; lastKnownFileType = folder.assetcatalog; path = "Preview Assets.xcassets"; sourceTree = "<group>"; };
		E5F4F7DD287E477600C2947B /* MainPageView.swift */ = {isa = PBXFileReference; lastKnownFileType = sourcecode.swift; path = MainPageView.swift; sourceTree = "<group>"; };
		E5F4F7E0287E486A00C2947B /* Post.swift */ = {isa = PBXFileReference; lastKnownFileType = sourcecode.swift; path = Post.swift; sourceTree = "<group>"; };
		E5F4F7E2287E4C9C00C2947B /* PetOwnerStartingPageView.swift */ = {isa = PBXFileReference; lastKnownFileType = sourcecode.swift; path = PetOwnerStartingPageView.swift; sourceTree = "<group>"; };
		E5F4F7E4287E4CC100C2947B /* PetSitterCreatingPostView.swift */ = {isa = PBXFileReference; lastKnownFileType = sourcecode.swift; path = PetSitterCreatingPostView.swift; sourceTree = "<group>"; };
/* End PBXFileReference section */

/* Begin PBXFrameworksBuildPhase section */
		E5F4F7C5287E450300C2947B /* Frameworks */ = {
			isa = PBXFrameworksBuildPhase;
			buildActionMask = 2147483647;
			files = (
			);
			runOnlyForDeploymentPostprocessing = 0;
		};
/* End PBXFrameworksBuildPhase section */

/* Begin PBXGroup section */
		E5F4F7BF287E450300C2947B = {
			isa = PBXGroup;
			children = (
				E5F4F7CA287E450300C2947B /* PetSitter */,
				E5F4F7C9287E450300C2947B /* Products */,
			);
			sourceTree = "<group>";
		};
		E5F4F7C9287E450300C2947B /* Products */ = {
			isa = PBXGroup;
			children = (
				E5F4F7C8287E450300C2947B /* PetSitter.app */,
			);
			name = Products;
			sourceTree = "<group>";
		};
		E5F4F7CA287E450300C2947B /* PetSitter */ = {
			isa = PBXGroup;
			children = (
				E5F4F7DC287E46F200C2947B /* Resources */,
				E5F4F7DB287E46EB00C2947B /* Views */,
				E5F4F7DA287E45A600C2947B /* ViewModels */,
				E5F4F7D9287E459C00C2947B /* Models */,
				E5F4F7CB287E450300C2947B /* PetSitterApp.swift */,
				E5F4F7CF287E450600C2947B /* Assets.xcassets */,
				E5F4F7D1287E450600C2947B /* Preview Content */,
			);
			path = PetSitter;
			sourceTree = "<group>";
		};
		E5F4F7D1287E450600C2947B /* Preview Content */ = {
			isa = PBXGroup;
			children = (
				E5F4F7D2287E450600C2947B /* Preview Assets.xcassets */,
			);
			path = "Preview Content";
			sourceTree = "<group>";
		};
		E5F4F7D9287E459C00C2947B /* Models */ = {
			isa = PBXGroup;
			children = (
				E5F4F7E0287E486A00C2947B /* Post.swift */,
			);
			path = Models;
			sourceTree = "<group>";
		};
		E5F4F7DA287E45A600C2947B /* ViewModels */ = {
			isa = PBXGroup;
			children = (
			);
			path = ViewModels;
			sourceTree = "<group>";
		};
		E5F4F7DB287E46EB00C2947B /* Views */ = {
			isa = PBXGroup;
			children = (
				E5F4F7DD287E477600C2947B /* MainPageView.swift */,
				E5F4F7E2287E4C9C00C2947B /* PetOwnerStartingPageView.swift */,
				E5F4F7E4287E4CC100C2947B /* PetSitterCreatingPostView.swift */,
				E5DC9033287F76CE0004A1E4 /* MapView.swift */,
				E5DC9035287F76E00004A1E4 /* SearchView.swift */,
			);
			path = Views;
			sourceTree = "<group>";
		};
		E5F4F7DC287E46F200C2947B /* Resources */ = {
			isa = PBXGroup;
			children = (
			);
			path = Resources;
			sourceTree = "<group>";
		};
/* End PBXGroup section */

/* Begin PBXNativeTarget section */
		E5F4F7C7287E450300C2947B /* PetSitter */ = {
			isa = PBXNativeTarget;
			buildConfigurationList = E5F4F7D6287E450600C2947B /* Build configuration list for PBXNativeTarget "PetSitter" */;
			buildPhases = (
				E5F4F7C4287E450300C2947B /* Sources */,
				E5F4F7C5287E450300C2947B /* Frameworks */,
				E5F4F7C6287E450300C2947B /* Resources */,
			);
			buildRules = (
			);
			dependencies = (
			);
			name = PetSitter;
			productName = PetSitter;
			productReference = E5F4F7C8287E450300C2947B /* PetSitter.app */;
			productType = "com.apple.product-type.application";
		};
/* End PBXNativeTarget section */

/* Begin PBXProject section */
		E5F4F7C0287E450300C2947B /* Project object */ = {
			isa = PBXProject;
			attributes = {
				BuildIndependentTargetsInParallel = 1;
				LastSwiftUpdateCheck = 1330;
				LastUpgradeCheck = 1330;
				TargetAttributes = {
					E5F4F7C7287E450300C2947B = {
						CreatedOnToolsVersion = 13.3.1;
					};
				};
			};
			buildConfigurationList = E5F4F7C3287E450300C2947B /* Build configuration list for PBXProject "PetSitter" */;
			compatibilityVersion = "Xcode 13.0";
			developmentRegion = en;
			hasScannedForEncodings = 0;
			knownRegions = (
				en,
				Base,
			);
			mainGroup = E5F4F7BF287E450300C2947B;
			productRefGroup = E5F4F7C9287E450300C2947B /* Products */;
			projectDirPath = "";
			projectRoot = "";
			targets = (
				E5F4F7C7287E450300C2947B /* PetSitter */,
			);
		};
/* End PBXProject section */

/* Begin PBXResourcesBuildPhase section */
		E5F4F7C6287E450300C2947B /* Resources */ = {
			isa = PBXResourcesBuildPhase;
			buildActionMask = 2147483647;
			files = (
				E5F4F7D3287E450600C2947B /* Preview Assets.xcassets in Resources */,
				E5F4F7D0287E450600C2947B /* Assets.xcassets in Resources */,
			);
			runOnlyForDeploymentPostprocessing = 0;
		};
/* End PBXResourcesBuildPhase section */

/* Begin PBXSourcesBuildPhase section */
		E5F4F7C4287E450300C2947B /* Sources */ = {
			isa = PBXSourcesBuildPhase;
			buildActionMask = 2147483647;
			files = (
				E5F4F7E1287E486A00C2947B /* Post.swift in Sources */,
				E5DC9034287F76CE0004A1E4 /* MapView.swift in Sources */,
				E5F4F7E3287E4C9C00C2947B /* PetOwnerStartingPageView.swift in Sources */,
				E5DC9036287F76E00004A1E4 /* SearchView.swift in Sources */,
				E5F4F7DE287E477600C2947B /* MainPageView.swift in Sources */,
				E5F4F7E5287E4CC100C2947B /* PetSitterCreatingPostView.swift in Sources */,
				E5F4F7CC287E450300C2947B /* PetSitterApp.swift in Sources */,
			);
			runOnlyForDeploymentPostprocessing = 0;
		};
/* End PBXSourcesBuildPhase section */

/* Begin XCBuildConfiguration section */
		E5F4F7D4287E450600C2947B /* Debug */ = {
			isa = XCBuildConfiguration;
			buildSettings = {
				ALWAYS_SEARCH_USER_PATHS = NO;
				CLANG_ANALYZER_NONNULL = YES;
				CLANG_ANALYZER_NUMBER_OBJECT_CONVERSION = YES_AGGRESSIVE;
				CLANG_CXX_LANGUAGE_STANDARD = "gnu++17";
				CLANG_ENABLE_MODULES = YES;
				CLANG_ENABLE_OBJC_ARC = YES;
				CLANG_ENABLE_OBJC_WEAK = YES;
				CLANG_WARN_BLOCK_CAPTURE_AUTORELEASING = YES;
				CLANG_WARN_BOOL_CONVERSION = YES;
				CLANG_WARN_COMMA = YES;
				CLANG_WARN_CONSTANT_CONVERSION = YES;
				CLANG_WARN_DEPRECATED_OBJC_IMPLEMENTATIONS = YES;
				CLANG_WARN_DIRECT_OBJC_ISA_USAGE = YES_ERROR;
				CLANG_WARN_DOCUMENTATION_COMMENTS = YES;
				CLANG_WARN_EMPTY_BODY = YES;
				CLANG_WARN_ENUM_CONVERSION = YES;
				CLANG_WARN_INFINITE_RECURSION = YES;
				CLANG_WARN_INT_CONVERSION = YES;
				CLANG_WARN_NON_LITERAL_NULL_CONVERSION = YES;
				CLANG_WARN_OBJC_IMPLICIT_RETAIN_SELF = YES;
				CLANG_WARN_OBJC_LITERAL_CONVERSION = YES;
				CLANG_WARN_OBJC_ROOT_CLASS = YES_ERROR;
				CLANG_WARN_QUOTED_INCLUDE_IN_FRAMEWORK_HEADER = YES;
				CLANG_WARN_RANGE_LOOP_ANALYSIS = YES;
				CLANG_WARN_STRICT_PROTOTYPES = YES;
				CLANG_WARN_SUSPICIOUS_MOVE = YES;
				CLANG_WARN_UNGUARDED_AVAILABILITY = YES_AGGRESSIVE;
				CLANG_WARN_UNREACHABLE_CODE = YES;
				CLANG_WARN__DUPLICATE_METHOD_MATCH = YES;
				COPY_PHASE_STRIP = NO;
				DEBUG_INFORMATION_FORMAT = dwarf;
				ENABLE_STRICT_OBJC_MSGSEND = YES;
				ENABLE_TESTABILITY = YES;
				GCC_C_LANGUAGE_STANDARD = gnu11;
				GCC_DYNAMIC_NO_PIC = NO;
				GCC_NO_COMMON_BLOCKS = YES;
				GCC_OPTIMIZATION_LEVEL = 0;
				GCC_PREPROCESSOR_DEFINITIONS = (
					"DEBUG=1",
					"$(inherited)",
				);
				GCC_WARN_64_TO_32_BIT_CONVERSION = YES;
				GCC_WARN_ABOUT_RETURN_TYPE = YES_ERROR;
				GCC_WARN_UNDECLARED_SELECTOR = YES;
				GCC_WARN_UNINITIALIZED_AUTOS = YES_AGGRESSIVE;
				GCC_WARN_UNUSED_FUNCTION = YES;
				GCC_WARN_UNUSED_VARIABLE = YES;
				IPHONEOS_DEPLOYMENT_TARGET = 15.4;
				MTL_ENABLE_DEBUG_INFO = INCLUDE_SOURCE;
				MTL_FAST_MATH = YES;
				ONLY_ACTIVE_ARCH = YES;
				SDKROOT = iphoneos;
				SWIFT_ACTIVE_COMPILATION_CONDITIONS = DEBUG;
				SWIFT_OPTIMIZATION_LEVEL = "-Onone";
			};
			name = Debug;
		};
		E5F4F7D5287E450600C2947B /* Release */ = {
			isa = XCBuildConfiguration;
			buildSettings = {
				ALWAYS_SEARCH_USER_PATHS = NO;
				CLANG_ANALYZER_NONNULL = YES;
				CLANG_ANALYZER_NUMBER_OBJECT_CONVERSION = YES_AGGRESSIVE;
				CLANG_CXX_LANGUAGE_STANDARD = "gnu++17";
				CLANG_ENABLE_MODULES = YES;
				CLANG_ENABLE_OBJC_ARC = YES;
				CLANG_ENABLE_OBJC_WEAK = YES;
				CLANG_WARN_BLOCK_CAPTURE_AUTORELEASING = YES;
				CLANG_WARN_BOOL_CONVERSION = YES;
				CLANG_WARN_COMMA = YES;
				CLANG_WARN_CONSTANT_CONVERSION = YES;
				CLANG_WARN_DEPRECATED_OBJC_IMPLEMENTATIONS = YES;
				CLANG_WARN_DIRECT_OBJC_ISA_USAGE = YES_ERROR;
				CLANG_WARN_DOCUMENTATION_COMMENTS = YES;
				CLANG_WARN_EMPTY_BODY = YES;
				CLANG_WARN_ENUM_CONVERSION = YES;
				CLANG_WARN_INFINITE_RECURSION = YES;
				CLANG_WARN_INT_CONVERSION = YES;
				CLANG_WARN_NON_LITERAL_NULL_CONVERSION = YES;
				CLANG_WARN_OBJC_IMPLICIT_RETAIN_SELF = YES;
				CLANG_WARN_OBJC_LITERAL_CONVERSION = YES;
				CLANG_WARN_OBJC_ROOT_CLASS = YES_ERROR;
				CLANG_WARN_QUOTED_INCLUDE_IN_FRAMEWORK_HEADER = YES;
				CLANG_WARN_RANGE_LOOP_ANALYSIS = YES;
				CLANG_WARN_STRICT_PROTOTYPES = YES;
				CLANG_WARN_SUSPICIOUS_MOVE = YES;
				CLANG_WARN_UNGUARDED_AVAILABILITY = YES_AGGRESSIVE;
				CLANG_WARN_UNREACHABLE_CODE = YES;
				CLANG_WARN__DUPLICATE_METHOD_MATCH = YES;
				COPY_PHASE_STRIP = NO;
				DEBUG_INFORMATION_FORMAT = "dwarf-with-dsym";
				ENABLE_NS_ASSERTIONS = NO;
				ENABLE_STRICT_OBJC_MSGSEND = YES;
				GCC_C_LANGUAGE_STANDARD = gnu11;
				GCC_NO_COMMON_BLOCKS = YES;
				GCC_WARN_64_TO_32_BIT_CONVERSION = YES;
				GCC_WARN_ABOUT_RETURN_TYPE = YES_ERROR;
				GCC_WARN_UNDECLARED_SELECTOR = YES;
				GCC_WARN_UNINITIALIZED_AUTOS = YES_AGGRESSIVE;
				GCC_WARN_UNUSED_FUNCTION = YES;
				GCC_WARN_UNUSED_VARIABLE = YES;
				IPHONEOS_DEPLOYMENT_TARGET = 15.4;
				MTL_ENABLE_DEBUG_INFO = NO;
				MTL_FAST_MATH = YES;
				SDKROOT = iphoneos;
				SWIFT_COMPILATION_MODE = wholemodule;
				SWIFT_OPTIMIZATION_LEVEL = "-O";
				VALIDATE_PRODUCT = YES;
			};
			name = Release;
		};
		E5F4F7D7287E450600C2947B /* Debug */ = {
			isa = XCBuildConfiguration;
			buildSettings = {
				ASSETCATALOG_COMPILER_APPICON_NAME = AppIcon;
				ASSETCATALOG_COMPILER_GLOBAL_ACCENT_COLOR_NAME = AccentColor;
				CODE_SIGN_STYLE = Automatic;
				CURRENT_PROJECT_VERSION = 1;
				DEVELOPMENT_ASSET_PATHS = "\"PetSitter/Preview Content\"";
				ENABLE_PREVIEWS = YES;
				GENERATE_INFOPLIST_FILE = YES;
				INFOPLIST_KEY_NSLocationWhenInUseUsageDescription = "This app needs your location to show it on the map.";
				INFOPLIST_KEY_UIApplicationSceneManifest_Generation = YES;
				INFOPLIST_KEY_UIApplicationSupportsIndirectInputEvents = YES;
				INFOPLIST_KEY_UILaunchScreen_Generation = YES;
				INFOPLIST_KEY_UISupportedInterfaceOrientations_iPad = "UIInterfaceOrientationPortrait UIInterfaceOrientationPortraitUpsideDown UIInterfaceOrientationLandscapeLeft UIInterfaceOrientationLandscapeRight";
				INFOPLIST_KEY_UISupportedInterfaceOrientations_iPhone = "UIInterfaceOrientationPortrait UIInterfaceOrientationLandscapeLeft UIInterfaceOrientationLandscapeRight";
				LD_RUNPATH_SEARCH_PATHS = (
					"$(inherited)",
					"@executable_path/Frameworks",
				);
				MARKETING_VERSION = 1.0;
				PRODUCT_BUNDLE_IDENTIFIER = "Aleksandra-Makhrova.PetSitter";
				PRODUCT_NAME = "$(TARGET_NAME)";
				SWIFT_EMIT_LOC_STRINGS = YES;
				SWIFT_VERSION = 5.0;
				TARGETED_DEVICE_FAMILY = "1,2";
			};
			name = Debug;
		};
		E5F4F7D8287E450600C2947B /* Release */ = {
			isa = XCBuildConfiguration;
			buildSettings = {
				ASSETCATALOG_COMPILER_APPICON_NAME = AppIcon;
				ASSETCATALOG_COMPILER_GLOBAL_ACCENT_COLOR_NAME = AccentColor;
				CODE_SIGN_STYLE = Automatic;
				CURRENT_PROJECT_VERSION = 1;
				DEVELOPMENT_ASSET_PATHS = "\"PetSitter/Preview Content\"";
				ENABLE_PREVIEWS = YES;
				GENERATE_INFOPLIST_FILE = YES;
				INFOPLIST_KEY_NSLocationWhenInUseUsageDescription = "This app needs your location to show it on the map.";
				INFOPLIST_KEY_UIApplicationSceneManifest_Generation = YES;
				INFOPLIST_KEY_UIApplicationSupportsIndirectInputEvents = YES;
				INFOPLIST_KEY_UILaunchScreen_Generation = YES;
				INFOPLIST_KEY_UISupportedInterfaceOrientations_iPad = "UIInterfaceOrientationPortrait UIInterfaceOrientationPortraitUpsideDown UIInterfaceOrientationLandscapeLeft UIInterfaceOrientationLandscapeRight";
				INFOPLIST_KEY_UISupportedInterfaceOrientations_iPhone = "UIInterfaceOrientationPortrait UIInterfaceOrientationLandscapeLeft UIInterfaceOrientationLandscapeRight";
				LD_RUNPATH_SEARCH_PATHS = (
					"$(inherited)",
					"@executable_path/Frameworks",
				);
				MARKETING_VERSION = 1.0;
				PRODUCT_BUNDLE_IDENTIFIER = "Aleksandra-Makhrova.PetSitter";
				PRODUCT_NAME = "$(TARGET_NAME)";
				SWIFT_EMIT_LOC_STRINGS = YES;
				SWIFT_VERSION = 5.0;
				TARGETED_DEVICE_FAMILY = "1,2";
			};
			name = Release;
		};
/* End XCBuildConfiguration section */

/* Begin XCConfigurationList section */
		E5F4F7C3287E450300C2947B /* Build configuration list for PBXProject "PetSitter" */ = {
			isa = XCConfigurationList;
			buildConfigurations = (
				E5F4F7D4287E450600C2947B /* Debug */,
				E5F4F7D5287E450600C2947B /* Release */,
			);
			defaultConfigurationIsVisible = 0;
			defaultConfigurationName = Release;
		};
		E5F4F7D6287E450600C2947B /* Build configuration list for PBXNativeTarget "PetSitter" */ = {
			isa = XCConfigurationList;
			buildConfigurations = (
				E5F4F7D7287E450600C2947B /* Debug */,
				E5F4F7D8287E450600C2947B /* Release */,
			);
			defaultConfigurationIsVisible = 0;
			defaultConfigurationName = Release;
		};
/* End XCConfigurationList section */
	};
	rootObject = E5F4F7C0287E450300C2947B /* Project object */;
}
